
Microsoft Visual Studio Solution File, Format Version 12.00
# Visual Studio Version 16
VisualStudioVersion = 16.0.32228.343
MinimumVisualStudioVersion = 10.0.40219.1
Project("{9A19103F-16F7-4668-BE54-9A1E7A4F7556}") = "Web", "Web\Web.csproj", "{A0D1B033-55F2-427F-B448-A6B4FE9F032F}"
EndProject
Project("{FAE04EC0-301F-11D3-BF4B-00C04F79EFBC}") = "Core", "Core\Core.csproj", "{29573ED6-3FC4-4A97-8348-62493DE074D2}"
EndProject
Project("{FAE04EC0-301F-11D3-BF4B-00C04F79EFBC}") = "Infrstructure", "Infrstructure\Infrstructure.csproj", "{D5AEAD9E-C2B7-4643-BE4C-0257501417B0}"
EndProject
Global
	GlobalSection(SolutionConfigurationPlatforms) = preSolution
		Debug|Any CPU = Debug|Any CPU
		Release|Any CPU = Release|Any CPU
	EndGlobalSection
	GlobalSection(ProjectConfigurationPlatforms) = postSolution
		{A0D1B033-55F2-427F-B448-A6B4FE9F032F}.Debug|Any CPU.ActiveCfg = Debug|Any CPU
		{A0D1B033-55F2-427F-B448-A6B4FE9F032F}.Debug|Any CPU.Build.0 = Debug|Any CPU
		{A0D1B033-55F2-427F-B448-A6B4FE9F032F}.Release|Any CPU.ActiveCfg = Release|Any CPU
		{A0D1B033-55F2-427F-B448-A6B4FE9F032F}.Release|Any CPU.Build.0 = Release|Any CPU
		{29573ED6-3FC4-4A97-8348-62493DE074D2}.Debug|Any CPU.ActiveCfg = Debug|Any CPU
		{29573ED6-3FC4-4A97-8348-62493DE074D2}.Debug|Any CPU.Build.0 = Debug|Any CPU
		{29573ED6-3FC4-4A97-8348-62493DE074D2}.Release|Any CPU.ActiveCfg = Release|Any CPU
		{29573ED6-3FC4-4A97-8348-62493DE074D2}.Release|Any CPU.Build.0 = Release|Any CPU
		{D5AEAD9E-C2B7-4643-BE4C-0257501417B0}.Debug|Any CPU.ActiveCfg = Debug|Any CPU
		{D5AEAD9E-C2B7-4643-BE4C-0257501417B0}.Debug|Any CPU.Build.0 = Debug|Any CPU
		{D5AEAD9E-C2B7-4643-BE4C-0257501417B0}.Release|Any CPU.ActiveCfg = Release|Any CPU
		{D5AEAD9E-C2B7-4643-BE4C-0257501417B0}.Release|Any CPU.Build.0 = Release|Any CPU
	EndGlobalSection
	GlobalSection(SolutionProperties) = preSolution
		HideSolutionNode = FALSE
	EndGlobalSection
	GlobalSection(ExtensibilityGlobals) = postSolution
		SolutionGuid = {CFEDCDD6-19D9-4E53-81BE-70846DF8C5AD}
	EndGlobalSection
EndGlobal
